// !$*UTF8*$!
{
	archiveVersion = 1;
	classes = {
	};
	objectVersion = 46;
	objects = {

/* Begin PBXBuildFile section */
		D57BA0491DC96FE600209E34 /* AppDelegate.swift in Sources */ = {isa = PBXBuildFile; fileRef = D57BA0481DC96FE600209E34 /* AppDelegate.swift */; };
		D57BA04B1DC96FE600209E34 /* ViewController.swift in Sources */ = {isa = PBXBuildFile; fileRef = D57BA04A1DC96FE600209E34 /* ViewController.swift */; };
		D57BA04E1DC96FE600209E34 /* Main.storyboard in Resources */ = {isa = PBXBuildFile; fileRef = D57BA04C1DC96FE600209E34 /* Main.storyboard */; };
		D57BA0501DC96FE600209E34 /* Assets.xcassets in Resources */ = {isa = PBXBuildFile; fileRef = D57BA04F1DC96FE600209E34 /* Assets.xcassets */; };
		D57BA0531DC96FE600209E34 /* LaunchScreen.storyboard in Resources */ = {isa = PBXBuildFile; fileRef = D57BA0511DC96FE600209E34 /* LaunchScreen.storyboard */; };
/* End PBXBuildFile section */

/* Begin PBXFileReference section */
		D57BA0451DC96FE600209E34 /* newAdventure.app */ = {isa = PBXFileReference; explicitFileType = wrapper.application; includeInIndex = 0; path = newAdventure.app; sourceTree = BUILT_PRODUCTS_DIR; };
		D57BA0481DC96FE600209E34 /* AppDelegate.swift */ = {isa = PBXFileReference; lastKnownFileType = sourcecode.swift; path = AppDelegate.swift; sourceTree = "<group>"; };
		D57BA04A1DC96FE600209E34 /* ViewController.swift */ = {isa = PBXFileReference; lastKnownFileType = sourcecode.swift; path = ViewController.swift; sourceTree = "<group>"; };
		D57BA04D1DC96FE600209E34 /* Base */ = {isa = PBXFileReference; lastKnownFileType = file.storyboard; name = Base; path = Base.lproj/Main.storyboard; sourceTree = "<group>"; };
		D57BA04F1DC96FE600209E34 /* Assets.xcassets */ = {isa = PBXFileReference; lastKnownFileType = folder.assetcatalog; path = Assets.xcassets; sourceTree = "<group>"; };
		D57BA0521DC96FE600209E34 /* Base */ = {isa = PBXFileReference; lastKnownFileType = file.storyboard; name = Base; path = Base.lproj/LaunchScreen.storyboard; sourceTree = "<group>"; };
		D57BA0541DC96FE600209E34 /* Info.plist */ = {isa = PBXFileReference; lastKnownFileType = text.plist.xml; path = Info.plist; sourceTree = "<group>"; };
/* End PBXFileReference section */

/* Begin PBXFrameworksBuildPhase section */
		D57BA0421DC96FE500209E34 /* Frameworks */ = {
			isa = PBXFrameworksBuildPhase;
			buildActionMask = 2147483647;
			files = (
			);
			runOnlyForDeploymentPostprocessing = 0;
		};
/* End PBXFrameworksBuildPhase section */

/* Begin PBXGroup section */
		D57BA03C1DC96FE500209E34 = {
			isa = PBXGroup;
			children = (
				D57BA0471DC96FE600209E34 /* newAdventure */,
				D57BA0461DC96FE600209E34 /* Products */,
			);
			sourceTree = "<group>";
		};
		D57BA0461DC96FE600209E34 /* Products */ = {
			isa = PBXGroup;
			children = (
				D57BA0451DC96FE600209E34 /* newAdventure.app */,
			);
			name = Products;
			sourceTree = "<group>";
		};
		D57BA0471DC96FE600209E34 /* newAdventure */ = {
			isa = PBXGroup;
			children = (
				D57BA0481DC96FE600209E34 /* AppDelegate.swift */,
				D57BA04A1DC96FE600209E34 /* ViewController.swift */,
				D57BA04C1DC96FE600209E34 /* Main.storyboard */,
				D57BA04F1DC96FE600209E34 /* Assets.xcassets */,
				D57BA0511DC96FE600209E34 /* LaunchScreen.storyboard */,
				D57BA0541DC96FE600209E34 /* Info.plist */,
			);
			path = newAdventure;
			sourceTree = "<group>";
		};
/* End PBXGroup section */

/* Begin PBXNativeTarget section */
		D57BA0441DC96FE500209E34 /* newAdventure */ = {
			isa = PBXNativeTarget;
			buildConfigurationList = D57BA0571DC96FE600209E34 /* Build configuration list for PBXNativeTarget "newAdventure" */;
			buildPhases = (
				D57BA0411DC96FE500209E34 /* Sources */,
				D57BA0421DC96FE500209E34 /* Frameworks */,
				D57BA0431DC96FE500209E34 /* Resources */,
			);
			buildRules = (
			);
			dependencies = (
			);
			name = newAdventure;
			productName = newAdventure;
			productReference = D57BA0451DC96FE600209E34 /* newAdventure.app */;
			productType = "com.apple.product-type.application";
		};
/* End PBXNativeTarget section */

/* Begin PBXProject section */
		D57BA03D1DC96FE500209E34 /* Project object */ = {
			isa = PBXProject;
			attributes = {
				LastSwiftUpdateCheck = 0800;
				LastUpgradeCheck = 0800;
				ORGANIZATIONNAME = "Younoussa Ousmane Abdou";
				TargetAttributes = {
					D57BA0441DC96FE500209E34 = {
						CreatedOnToolsVersion = 8.0;
						ProvisioningStyle = Automatic;
					};
				};
			};
			buildConfigurationList = D57BA0401DC96FE500209E34 /* Build configuration list for PBXProject "newAdventure" */;
			compatibilityVersion = "Xcode 3.2";
			developmentRegion = English;
			hasScannedForEncodings = 0;
			knownRegions = (
				en,
				Base,
			);
			mainGroup = D57BA03C1DC96FE500209E34;
			productRefGroup = D57BA0461DC96FE600209E34 /* Products */;
			projectDirPath = "";
			projectRoot = "";
			targets = (
				D57BA0441DC96FE500209E34 /* newAdventure */,
			);
		};
/* End PBXProject section */

/* Begin PBXResourcesBuildPhase section */
		D57BA0431DC96FE500209E34 /* Resources */ = {
			isa = PBXResourcesBuildPhase;
			buildActionMask = 2147483647;
			files = (
				D57BA0531DC96FE600209E34 /* LaunchScreen.storyboard in Resources */,
				D57BA0501DC96FE600209E34 /* Assets.xcassets in Resources */,
				D57BA04E1DC96FE600209E34 /* Main.storyboard in Resources */,
			);
			runOnlyForDeploymentPostprocessing = 0;
		};
/* End PBXResourcesBuildPhase section */

/* Begin PBXSourcesBuildPhase section */
		D57BA0411DC96FE500209E34 /* Sources */ = {
			isa = PBXSourcesBuildPhase;
			buildActionMask = 2147483647;
			files = (
				D57BA04B1DC96FE600209E34 /* ViewController.swift in Sources */,
				D57BA0491DC96FE600209E34 /* AppDelegate.swift in Sources */,
			);
			runOnlyForDeploymentPostprocessing = 0;
		};
/* End PBXSourcesBuildPhase section */

/* Begin PBXVariantGroup section */
		D57BA04C1DC96FE600209E34 /* Main.storyboard */ = {
			isa = PBXVariantGroup;
			children = (
				D57BA04D1DC96FE600209E34 /* Base */,
			);
			name = Main.storyboard;
			sourceTree = "<group>";
		};
		D57BA0511DC96FE600209E34 /* LaunchScreen.storyboard */ = {
			isa = PBXVariantGroup;
			children = (
				D57BA0521DC96FE600209E34 /* Base */,
			);
			name = LaunchScreen.storyboard;
			sourceTree = "<group>";
		};
/* End PBXVariantGroup section */

/* Begin XCBuildConfiguration section */
		D57BA0551DC96FE600209E34 /* Debug */ = {
			isa = XCBuildConfiguration;
			buildSettings = {
				ALWAYS_SEARCH_USER_PATHS = NO;
				CLANG_ANALYZER_NONNULL = YES;
				CLANG_CXX_LANGUAGE_STANDARD = "gnu++0x";
				CLANG_CXX_LIBRARY = "libc++";
				CLANG_ENABLE_MODULES = YES;
				CLANG_ENABLE_OBJC_ARC = YES;
				CLANG_WARN_BOOL_CONVERSION = YES;
				CLANG_WARN_CONSTANT_CONVERSION = YES;
				CLANG_WARN_DIRECT_OBJC_ISA_USAGE = YES_ERROR;
				CLANG_WARN_DOCUMENTATION_COMMENTS = YES;
				CLANG_WARN_EMPTY_BODY = YES;
				CLANG_WARN_ENUM_CONVERSION = YES;
				CLANG_WARN_INFINITE_RECURSION = YES;
				CLANG_WARN_INT_CONVERSION = YES;
				CLANG_WARN_OBJC_ROOT_CLASS = YES_ERROR;
				CLANG_WARN_SUSPICIOUS_MOVES = YES;
				CLANG_WARN_UNREACHABLE_CODE = YES;
				CLANG_WARN__DUPLICATE_METHOD_MATCH = YES;
				"CODE_SIGN_IDENTITY[sdk=iphoneos*]" = "iPhone Developer";
				COPY_PHASE_STRIP = NO;
				DEBUG_INFORMATION_FORMAT = dwarf;
				ENABLE_STRICT_OBJC_MSGSEND = YES;
				ENABLE_TESTABILITY = YES;
				GCC_C_LANGUAGE_STANDARD = gnu99;
				GCC_DYNAMIC_NO_PIC = NO;
				GCC_NO_COMMON_BLOCKS = YES;
				GCC_OPTIMIZATION_LEVEL = 0;
				GCC_PREPROCESSOR_DEFINITIONS = (
					"DEBUG=1",
					"$(inherited)",
				);
				GCC_WARN_64_TO_32_BIT_CONVERSION = YES;
				GCC_WARN_ABOUT_RETURN_TYPE = YES_ERROR;
				GCC_WARN_UNDECLARED_SELECTOR = YES;
				GCC_WARN_UNINITIALIZED_AUTOS = YES_AGGRESSIVE;
				GCC_WARN_UNUSED_FUNCTION = YES;
				GCC_WARN_UNUSED_VARIABLE = YES;
				IPHONEOS_DEPLOYMENT_TARGET = 10.0;
				MTL_ENABLE_DEBUG_INFO = YES;
				ONLY_ACTIVE_ARCH = YES;
				SDKROOT = iphoneos;
				SWIFT_ACTIVE_COMPILATION_CONDITIONS = DEBUG;
				SWIFT_OPTIMIZATION_LEVEL = "-Onone";
				TARGETED_DEVICE_FAMILY = "1,2";
			};
			name = Debug;
		};
		D57BA0561DC96FE600209E34 /* Release */ = {
			isa = XCBuildConfiguration;
			buildSettings = {
				ALWAYS_SEARCH_USER_PATHS = NO;
				CLANG_ANALYZER_NONNULL = YES;
				CLANG_CXX_LANGUAGE_STANDARD = "gnu++0x";
				CLANG_CXX_LIBRARY = "libc++";
				CLANG_ENABLE_MODULES = YES;
				CLANG_ENABLE_OBJC_ARC = YES;
				CLANG_WARN_BOOL_CONVERSION = YES;
				CLANG_WARN_CONSTANT_CONVERSION = YES;
				CLANG_WARN_DIRECT_OBJC_ISA_USAGE = YES_ERROR;
				CLANG_WARN_DOCUMENTATION_COMMENTS = YES;
				CLANG_WARN_EMPTY_BODY = YES;
				CLANG_WARN_ENUM_CONVERSION = YES;
				CLANG_WARN_INFINITE_RECURSION = YES;
				CLANG_WARN_INT_CONVERSION = YES;
				CLANG_WARN_OBJC_ROOT_CLASS = YES_ERROR;
				CLANG_WARN_SUSPICIOUS_MOVES = YES;
				CLANG_WARN_UNREACHABLE_CODE = YES;
				CLANG_WARN__DUPLICATE_METHOD_MATCH = YES;
				"CODE_SIGN_IDENTITY[sdk=iphoneos*]" = "iPhone Developer";
				COPY_PHASE_STRIP = NO;
				DEBUG_INFORMATION_FORMAT = "dwarf-with-dsym";
				ENABLE_NS_ASSERTIONS = NO;
				ENABLE_STRICT_OBJC_MSGSEND = YES;
				GCC_C_LANGUAGE_STANDARD = gnu99;
				GCC_NO_COMMON_BLOCKS = YES;
				GCC_WARN_64_TO_32_BIT_CONVERSION = YES;
				GCC_WARN_ABOUT_RETURN_TYPE = YES_ERROR;
				GCC_WARN_UNDECLARED_SELECTOR = YES;
				GCC_WARN_UNINITIALIZED_AUTOS = YES_AGGRESSIVE;
				GCC_WARN_UNUSED_FUNCTION = YES;
				GCC_WARN_UNUSED_VARIABLE = YES;
				IPHONEOS_DEPLOYMENT_TARGET = 10.0;
				MTL_ENABLE_DEBUG_INFO = NO;
				SDKROOT = iphoneos;
				SWIFT_OPTIMIZATION_LEVEL = "-Owholemodule";
				TARGETED_DEVICE_FAMILY = "1,2";
				VALIDATE_PRODUCT = YES;
			};
			name = Release;
		};
		D57BA0581DC96FE600209E34 /* Debug */ = {
			isa = XCBuildConfiguration;
			buildSettings = {
				ASSETCATALOG_COMPILER_APPICON_NAME = AppIcon;
				INFOPLIST_FILE = newAdventure/Info.plist;
				LD_RUNPATH_SEARCH_PATHS = "$(inherited) @executable_path/Frameworks";
				PRODUCT_BUNDLE_IDENTIFIER = com.yuso.newAdventure;
				PRODUCT_NAME = "$(TARGET_NAME)";
				SWIFT_VERSION = 3.0;
			};
			name = Debug;
		};
		D57BA0591DC96FE600209E34 /* Release */ = {
			isa = XCBuildConfiguration;
			buildSettings = {
				ASSETCATALOG_COMPILER_APPICON_NAME = AppIcon;
				INFOPLIST_FILE = newAdventure/Info.plist;
				LD_RUNPATH_SEARCH_PATHS = "$(inherited) @executable_path/Frameworks";
				PRODUCT_BUNDLE_IDENTIFIER = com.yuso.newAdventure;
				PRODUCT_NAME = "$(TARGET_NAME)";
				SWIFT_VERSION = 3.0;
			};
			name = Release;
		};
/* End XCBuildConfiguration section */

/* Begin XCConfigurationList section */
		D57BA0401DC96FE500209E34 /* Build configuration list for PBXProject "newAdventure" */ = {
			isa = XCConfigurationList;
			buildConfigurations = (
				D57BA0551DC96FE600209E34 /* Debug */,
				D57BA0561DC96FE600209E34 /* Release */,
			);
			defaultConfigurationIsVisible = 0;
			defaultConfigurationName = Release;
		};
		D57BA0571DC96FE600209E34 /* Build configuration list for PBXNativeTarget "newAdventure" */ = {
			isa = XCConfigurationList;
			buildConfigurations = (
				D57BA0581DC96FE600209E34 /* Debug */,
				D57BA0591DC96FE600209E34 /* Release */,
			);
			defaultConfigurationIsVisible = 0;
		};
/* End XCConfigurationList section */
	};
	rootObject = D57BA03D1DC96FE500209E34 /* Project object */;
}
